
Microsoft Visual Studio Solution File, Format Version 12.00
# Visual Studio Version 16
VisualStudioVersion = 16.0.30907.101
MinimumVisualStudioVersion = 10.0.40219.1
Project("{8BC9CEB8-8B4A-11D0-8D11-00A0C91BC942}") = "ant-simulation-sfml", "ant-simulation-sfml\ant-simulation-sfml.vcxproj", "{ECDDDB5D-B384-4732-A4DE-9C1CCCA55B2E}"
EndProject
Global
	GlobalSection(SolutionConfigurationPlatforms) = preSolution
		Debug|x64 = Debug|x64
		Debug|x86 = Debug|x86
		Release|x64 = Release|x64
		Release|x86 = Release|x86
	EndGlobalSection
	GlobalSection(ProjectConfigurationPlatforms) = postSolution
		{ECDDDB5D-B384-4732-A4DE-9C1CCCA55B2E}.Debug|x64.ActiveCfg = Debug|x64
		{ECDDDB5D-B384-4732-A4DE-9C1CCCA55B2E}.Debug|x64.Build.0 = Debug|x64
		{ECDDDB5D-B384-4732-A4DE-9C1CCCA55B2E}.Debug|x86.ActiveCfg = Debug|Win32
		{ECDDDB5D-B384-4732-A4DE-9C1CCCA55B2E}.Debug|x86.Build.0 = Debug|Win32
		{ECDDDB5D-B384-4732-A4DE-9C1CCCA55B2E}.Release|x64.ActiveCfg = Release|x64
		{ECDDDB5D-B384-4732-A4DE-9C1CCCA55B2E}.Release|x64.Build.0 = Release|x64
		{ECDDDB5D-B384-4732-A4DE-9C1CCCA55B2E}.Release|x86.ActiveCfg = Release|Win32
		{ECDDDB5D-B384-4732-A4DE-9C1CCCA55B2E}.Release|x86.Build.0 = Release|Win32
	EndGlobalSection
	GlobalSection(SolutionProperties) = preSolution
		HideSolutionNode = FALSE
	EndGlobalSection
	GlobalSection(ExtensibilityGlobals) = postSolution
		SolutionGuid = {FC9281B6-E22F-4E56-8D70-DE6AF1F6010E}
	EndGlobalSection
EndGlobal
